
Microsoft Visual Studio Solution File, Format Version 12.00
# Visual Studio Version 17
VisualStudioVersion = 17.5.33502.453
MinimumVisualStudioVersion = 10.0.40219.1
Project("{9A19103F-16F7-4668-BE54-9A1E7A4F7556}") = "BotwUnpacker", "BotwUnpacker\BotwUnpacker.csproj", "{38725D4F-82A7-43E0-8D67-820BED01AFFA}"
EndProject
Global
	GlobalSection(SolutionConfigurationPlatforms) = preSolution
		Debug|Any CPU = Debug|Any CPU
		Release|Any CPU = Release|Any CPU
	EndGlobalSection
	GlobalSection(ProjectConfigurationPlatforms) = postSolution
		{38725D4F-82A7-43E0-8D67-820BED01AFFA}.Debug|Any CPU.ActiveCfg = Debug|Any CPU
		{38725D4F-82A7-43E0-8D67-820BED01AFFA}.Debug|Any CPU.Build.0 = Debug|Any CPU
		{38725D4F-82A7-43E0-8D67-820BED01AFFA}.Release|Any CPU.ActiveCfg = Release|Any CPU
		{38725D4F-82A7-43E0-8D67-820BED01AFFA}.Release|Any CPU.Build.0 = Release|Any CPU
	EndGlobalSection
	GlobalSection(SolutionProperties) = preSolution
		HideSolutionNode = FALSE
	EndGlobalSection
	GlobalSection(ExtensibilityGlobals) = postSolution
		SolutionGuid = {678FEA77-CE7C-4923-B880-EE3E1A146107}
	EndGlobalSection
EndGlobal
